# This file is automatically @generated by Cargo.
# It is not intended for manual editing.
version = 4

[[package]]
name = "aho-corasick"
version = "1.1.4"
source = "registry+https://github.com/rust-lang/crates.io-index"
checksum = "ddd31a130427c27518df266943a5308ed92d4b226cc639f5a8f1002816174301"
dependencies = [
 "memchr",
]

[[package]]
name = "arrayvec"
version = "0.7.6"
source = "registry+https://github.com/rust-lang/crates.io-index"
checksum = "7c02d123df017efcdfbd739ef81735b36c5ba83ec3c59c80a9d7ecc718f92e50"

[[package]]
name = "autocfg"
version = "1.5.1"
source = "registry+https://github.com/rust-lang/crates.io-index"
checksum = "f2032f911046de80f0a198e0901378627c33f59ea0ac00e363d481118bd70a53"

[[package]]
name = "deranged"
version = "0.5.8"
source = "registry+https://github.com/rust-lang/crates.io-index"
checksum = "7cd812cc2bc1d69d4764bd80df88b4317eaef9e773c75226407d9bc0876b211c"
dependencies = [
 "powerfmt",
]

[[package]]
name = "en16931-core"
version = "0.1.0"
dependencies = [
 "iso_currency",
 "isocountry",
 "parse-display",
 "rust_decimal",
 "time",
]

[[package]]
name = "en16931-iso"
version = "0.1.0"
dependencies = [
 "en16931-core",
]

[[package]]
name = "en16931-kosit"
version = "0.1.0"
dependencies = [
 "en16931-core",
]

[[package]]
name = "en16931-phive"
version = "0.1.0"
dependencies = [
 "en16931-core",
]

[[package]]
name = "en16931-schxslt"
version = "0.1.0"
dependencies = [
 "en16931-core",
]

[[package]]
name = "en16931-schxslt2"
version = "0.1.0"
dependencies = [
 "en16931-core",
]

[[package]]
name = "en16931-svrl"
version = "0.1.0"
dependencies = [
 "en16931-core",
]

[[package]]
name = "iso_country"
version = "0.1.4"
source = "registry+https://github.com/rust-lang/crates.io-index"
checksum = "20633e788d3948ea7336861fdb09ec247f5dae4267e8f0743fa97de26c28624d"
dependencies = [
 "lazy_static",
]

[[package]]
name = "iso_currency"
version = "0.5.3"
source = "registry+https://github.com/rust-lang/crates.io-index"
checksum = "fed4b3f0921193400b1df556228bfd917c57c7fa38bda904d552653c5c3b641b"
dependencies = [
 "iso_country",
 "proc-macro2",
 "quote",
]

[[package]]
name = "isocountry"
version = "0.3.2"
source = "registry+https://github.com/rust-lang/crates.io-index"
checksum = "1ea1dc4bf0fb4904ba83ffdb98af3d9c325274e92e6e295e4151e86c96363e04"
dependencies = [
 "serde",
 "thiserror",
]

[[package]]
name = "lazy_static"
version = "1.5.0"
source = "registry+https://github.com/rust-lang/crates.io-index"
checksum = "bbd2bcb4c963f2ddae06a2efc7e9f3591312473c50c6685e1f298068316e66fe"

[[package]]
name = "memchr"
version = "2.8.2"
source = "registry+https://github.com/rust-lang/crates.io-index"
checksum = "88904434abc2901f197fe8cc55f0445e7ded921dba5911dad2e2b39b48e663c4"

[[package]]
name = "num-conv"
version = "0.1.0"
source = "registry+https://github.com/rust-lang/crates.io-index"
checksum = "51d515d32fb182ee37cda2ccdcb92950d6a3c2893aa280e540671c2cd0f3b1d9"

[[package]]
name = "num-traits"
version = "0.2.19"
source = "registry+https://github.com/rust-lang/crates.io-index"
checksum = "071dfc062690e90b734c0b2273ce72ad0ffa95f0c74596bc250dcfd960262841"
dependencies = [
 "autocfg",
]

[[package]]
name = "parse-display"
version = "0.11.0"
source = "registry+https://github.com/rust-lang/crates.io-index"
checksum = "e78deb158fb1d73b29efb4b7e9b9860b78059c670de06bd28df8d0b458ded0eb"
dependencies = [
 "parse-display-derive",
 "regex",
 "regex-syntax",
]

[[package]]
name = "parse-display-derive"
version = "0.11.0"
source = "registry+https://github.com/rust-lang/crates.io-index"
checksum = "8e95a50d1084dab562913062c4c34bb204b68fc6ec38a1395909ff5aaaf4f10a"
dependencies = [
 "proc-macro2",
 "quote",
 "regex",
 "regex-syntax",
 "structmeta",
 "syn",
]

[[package]]
name = "powerfmt"
version = "0.2.0"
source = "registry+https://github.com/rust-lang/crates.io-index"
checksum = "439ee305def115ba05938db6eb1644ff94165c5ab5e9420d1c1bcedbba909391"

[[package]]
name = "proc-macro2"
version = "1.0.106"
source = "registry+https://github.com/rust-lang/crates.io-index"
checksum = "8fd00f0bb2e90d81d1044c2b32617f68fcb9fa3bb7640c23e9c748e53fb30934"
dependencies = [
 "unicode-ident",
]

[[package]]
name = "quote"
version = "1.0.45"
source = "registry+https://github.com/rust-lang/crates.io-index"
checksum = "41f2619966050689382d2b44f664f4bc593e129785a36d6ee376ddf37259b924"
dependencies = [
 "proc-macro2",
]

[[package]]
name = "regex"
version = "1.12.4"
source = "registry+https://github.com/rust-lang/crates.io-index"
checksum = "f1292b7759ae1cb9ec195452d1390a074f0cd8541ab7a5a8c31cd6db45d4a6ba"
dependencies = [
 "aho-corasick",
 "memchr",
 "regex-automata",
 "regex-syntax",
]

[[package]]
name = "regex-automata"
version = "0.4.14"
source = "registry+https://github.com/rust-lang/crates.io-index"
checksum = "6e1dd4122fc1595e8162618945476892eefca7b88c52820e74af6262213cae8f"
dependencies = [
 "aho-corasick",
 "memchr",
 "regex-syntax",
]

[[package]]
name = "regex-syntax"
version = "0.8.11"
source = "registry+https://github.com/rust-lang/crates.io-index"
checksum = "d6f6ff9a378485b298a5286656da665ba74413d36db0979633275d2e708145d4"

[[package]]
name = "rust_decimal"
version = "1.42.1"
source = "registry+https://github.com/rust-lang/crates.io-index"
checksum = "be2a24f50780bc85f09cc6ac299bdf1424302742d77221106859c9d8b102126a"
dependencies = [
 "arrayvec",
 "num-traits",
]

[[package]]
name = "serde"
version = "1.0.228"
source = "registry+https://github.com/rust-lang/crates.io-index"
checksum = "9a8e94ea7f378bd32cbbd37198a4a91436180c5bb472411e48b5ec2e2124ae9e"
dependencies = [
 "serde_core",
]

[[package]]
name = "serde_core"
version = "1.0.228"
source = "registry+https://github.com/rust-lang/crates.io-index"
checksum = "41d385c7d4ca58e59fc732af25c3983b67ac852c1a25000afe1175de458b67ad"
dependencies = [
 "serde_derive",
]

[[package]]
name = "serde_derive"
version = "1.0.228"
source = "registry+https://github.com/rust-lang/crates.io-index"
checksum = "d540f220d3187173da220f885ab66608367b6574e925011a9353e4badda91d79"
dependencies = [
 "proc-macro2",
 "quote",
 "syn",
]

[[package]]
name = "structmeta"
version = "0.3.0"
source = "registry+https://github.com/rust-lang/crates.io-index"
checksum = "2e1575d8d40908d70f6fd05537266b90ae71b15dbbe7a8b7dffa2b759306d329"
dependencies = [
 "proc-macro2",
 "quote",
 "structmeta-derive",
 "syn",
]

[[package]]
name = "structmeta-derive"
version = "0.3.0"
source = "registry+https://github.com/rust-lang/crates.io-index"
checksum = "152a0b65a590ff6c3da95cabe2353ee04e6167c896b28e3b14478c2636c922fc"
dependencies = [
 "proc-macro2",
 "quote",
 "syn",
]

[[package]]
name = "syn"
version = "2.0.117"
source = "registry+https://github.com/rust-lang/crates.io-index"
checksum = "e665b8803e7b1d2a727f4023456bbbbe74da67099c585258af0ad9c5013b9b99"
dependencies = [
 "proc-macro2",
 "quote",
 "unicode-ident",
]

[[package]]
name = "thiserror"
version = "1.0.69"
source = "registry+https://github.com/rust-lang/crates.io-index"
checksum = "b6aaf5339b578ea85b50e080feb250a3e8ae8cfcdff9a461c9ec2904bc923f52"
dependencies = [
 "thiserror-impl",
]

[[package]]
name = "thiserror-impl"
version = "1.0.69"
source = "registry+https://github.com/rust-lang/crates.io-index"
checksum = "4fee6c4efc90059e10f81e6d42c60a18f76588c3d74cb83a0b242a2b6c7504c1"
dependencies = [
 "proc-macro2",
 "quote",
 "syn",
]

[[package]]
name = "time"
version = "0.3.45"
source = "registry+https://github.com/rust-lang/crates.io-index"
checksum = "f9e442fc33d7fdb45aa9bfeb312c095964abdf596f7567261062b2a7107aaabd"
dependencies = [
 "deranged",
 "num-conv",
 "powerfmt",
 "time-core",
]

[[package]]
name = "time-core"
version = "0.1.7"
source = "registry+https://github.com/rust-lang/crates.io-index"
checksum = "8b36ee98fd31ec7426d599183e8fe26932a8dc1fb76ddb6214d05493377d34ca"

[[package]]
name = "unicode-ident"
version = "1.0.24"
source = "registry+https://github.com/rust-lang/crates.io-index"
checksum = "e6e4313cd5fcd3dad5cafa179702e2b244f760991f45397d14d4ebf38247da75"
